{
  "originHash" : "38dab29074349b1db5a4a96cdecf2d8bedfc77b5ba49c32b56845b58a077aa6a",
  "pins" : [
    {
      "identity" : "anydoc-swift",
      "kind" : "remoteSourceControl",
      "location" : "https://github.com/tacogips/anydoc-swift.git",
      "state" : {
        "revision" : "9ee68e37c9520558c166fb8832965b480ffe41f7"
      }
    },
    {
      "identity" : "kaiba",
      "kind" : "remoteSourceControl",
      "location" : "https://github.com/tacogips/kaiba.git",
      "state" : {
        "revision" : "4f73195b6ddf1221ae7dc310d158234faeb6a8fc"
      }
    },
    {
      "identity" : "swift-argument-parser",
      "kind" : "remoteSourceControl",
      "location" : "https://github.com/apple/swift-argument-parser.git",
      "state" : {
        "revision" : "6a52f3251125d74daf04fcbd5e6f08a75d074382",
        "version" : "1.8.2"
      }
    },
    {
      "identity" : "swift-asn1",
      "kind" : "remoteSourceControl",
      "location" : "https://github.com/apple/swift-asn1.git",
      "state" : {
        "revision" : "a9a5efd40eaf558a2bcd48d64b1d1646be686008",
        "version" : "1.7.1"
      }
    },
    {
      "identity" : "swift-crypto",
      "kind" : "remoteSourceControl",
      "location" : "https://github.com/apple/swift-crypto.git",
      "state" : {
        "revision" : "47d3869a7291f085c1fb9fb1e6d3b97a793f45c6",
        "version" : "4.5.1"
      }
    },
    {
      "identity" : "web-hooky",
      "kind" : "remoteSourceControl",
      "location" : "https://github.com/tacogips/web-hooky.git",
      "state" : {
        "revision" : "34a27e3ac6b042d498673a8de9cf42c136ebb8c2",
        "version" : "0.2.0"
      }
    }
  ],
  "version" : 3
}
