{
  "originHash" : "9b82c794ce58d026429d1abd4510faf48032136f58f8a29aedba4f4523a72b1f",
  "pins" : [
    {
      "identity" : "agent-gateway",
      "kind" : "remoteSourceControl",
      "location" : "https://github.com/tacogips/agent-gateway.git",
      "state" : {
        "revision" : "59ecaec96e850f9721f67fcf95266a27aae27add"
      }
    },
    {
      "identity" : "anydoc-swift",
      "kind" : "remoteSourceControl",
      "location" : "https://github.com/tacogips/anydoc-swift.git",
      "state" : {
        "revision" : "d957c08372786b7062553e83fe9c29880fdee7a4"
      }
    },
    {
      "identity" : "apple-gateway",
      "kind" : "remoteSourceControl",
      "location" : "https://github.com/tacogips/apple-gateway.git",
      "state" : {
        "revision" : "3a2320ef74aa40c6ee42852b10f48f3c3911b917"
      }
    },
    {
      "identity" : "gmail-gateway",
      "kind" : "remoteSourceControl",
      "location" : "https://github.com/tacogips/gmail-gateway.git",
      "state" : {
        "revision" : "acdb5e857ac6856644098a8666c065b8deaeb9cf"
      }
    },
    {
      "identity" : "google-analytics-gateway",
      "kind" : "remoteSourceControl",
      "location" : "https://github.com/tacogips/google-analytics-gateway.git",
      "state" : {
        "revision" : "c46443a5e8f744244cb9825d3238958a797c4f2b"
      }
    },
    {
      "identity" : "google-documents-gateway",
      "kind" : "remoteSourceControl",
      "location" : "https://github.com/tacogips/google-documents-gateway.git",
      "state" : {
        "revision" : "cda93cdd770a51f6f9d1bc63b1db555884824606"
      }
    },
    {
      "identity" : "google-service-gateway",
      "kind" : "remoteSourceControl",
      "location" : "https://github.com/tacogips/google-service-gateway.git",
      "state" : {
        "revision" : "3d964e69b3342cb70726f668f4600832421f7bf9"
      }
    },
    {
      "identity" : "kaiba",
      "kind" : "remoteSourceControl",
      "location" : "https://github.com/tacogips/kaiba.git",
      "state" : {
        "revision" : "08c4843427a4df5914d8540fa498662c9564349c"
      }
    },
    {
      "identity" : "swift-argument-parser",
      "kind" : "remoteSourceControl",
      "location" : "https://github.com/apple/swift-argument-parser.git",
      "state" : {
        "revision" : "6a52f3251125d74daf04fcbd5e6f08a75d074382",
        "version" : "1.8.2"
      }
    },
    {
      "identity" : "swift-asn1",
      "kind" : "remoteSourceControl",
      "location" : "https://github.com/apple/swift-asn1.git",
      "state" : {
        "revision" : "a9a5efd40eaf558a2bcd48d64b1d1646be686008",
        "version" : "1.7.1"
      }
    },
    {
      "identity" : "swift-crypto",
      "kind" : "remoteSourceControl",
      "location" : "https://github.com/apple/swift-crypto.git",
      "state" : {
        "revision" : "47d3869a7291f085c1fb9fb1e6d3b97a793f45c6",
        "version" : "4.5.1"
      }
    },
    {
      "identity" : "web-hooky",
      "kind" : "remoteSourceControl",
      "location" : "https://github.com/tacogips/web-hooky.git",
      "state" : {
        "revision" : "34a27e3ac6b042d498673a8de9cf42c136ebb8c2",
        "version" : "0.2.0"
      }
    },
    {
      "identity" : "wrike-gateway",
      "kind" : "remoteSourceControl",
      "location" : "https://github.com/tacogips/wrike-gateway.git",
      "state" : {
        "revision" : "d607aaa6783fef2b34c1a73ec9e091ef421143bf"
      }
    }
  ],
  "version" : 3
}
